// !$*UTF8*$!
{
	archiveVersion = 1;
	classes = {
	};
	objectVersion = 56;
	objects = {

/* Begin PBXBuildFile section */
		F30A422C2AECEF7000AD59F9 /* DefaultRepository.swift in Sources */ = {isa = PBXBuildFile; fileRef = F30A422B2AECEF7000AD59F9 /* DefaultRepository.swift */; };
		F30A42312AECF46B00AD59F9 /* TestEntity.swift in Sources */ = {isa = PBXBuildFile; fileRef = F30A42302AECF46B00AD59F9 /* TestEntity.swift */; };
		F30A42332AECF53A00AD59F9 /* RepositoryTask.swift in Sources */ = {isa = PBXBuildFile; fileRef = F30A42322AECF53A00AD59F9 /* RepositoryTask.swift */; };
		F30A42362AECF61900AD59F9 /* APIEndpoints.swift in Sources */ = {isa = PBXBuildFile; fileRef = F30A42352AECF61900AD59F9 /* APIEndpoints.swift */; };
		F30A423B2AECF66200AD59F9 /* TestViewModel.swift in Sources */ = {isa = PBXBuildFile; fileRef = F30A423A2AECF66200AD59F9 /* TestViewModel.swift */; };
		F30A42402AECF7E300AD59F9 /* TestProtocol.swift in Sources */ = {isa = PBXBuildFile; fileRef = F30A423F2AECF7E300AD59F9 /* TestProtocol.swift */; };
		F30A42432AECF8B700AD59F9 /* StrokeText.swift in Sources */ = {isa = PBXBuildFile; fileRef = F30A42422AECF8B700AD59F9 /* StrokeText.swift */; };
		F30A42462AECF92700AD59F9 /* TestUseCase.swift in Sources */ = {isa = PBXBuildFile; fileRef = F30A42452AECF92700AD59F9 /* TestUseCase.swift */; };
		F30A424A2AECF96E00AD59F9 /* TestRepository.swift in Sources */ = {isa = PBXBuildFile; fileRef = F30A42492AECF96E00AD59F9 /* TestRepository.swift */; };
		F30A424E2AECFB3F00AD59F9 /* TestResponseRepository.swift in Sources */ = {isa = PBXBuildFile; fileRef = F30A424D2AECFB3F00AD59F9 /* TestResponseRepository.swift */; };
		F314B64C2AED05E700AEB652 /* Extension+Color.swift in Sources */ = {isa = PBXBuildFile; fileRef = F314B64B2AED05E700AEB652 /* Extension+Color.swift */; };
		F342A36F2AED1FCF00DBA689 /* OnBoardingView.swift in Sources */ = {isa = PBXBuildFile; fileRef = F342A36E2AED1FCF00DBA689 /* OnBoardingView.swift */; };
		F342A3712AED21E400DBA689 /* FirstBackgroundView.swift in Sources */ = {isa = PBXBuildFile; fileRef = F342A3702AED21E400DBA689 /* FirstBackgroundView.swift */; };
		F3694B322AD5713E00D23E99 /* Medi_CheckApp.swift in Sources */ = {isa = PBXBuildFile; fileRef = F3694B312AD5713E00D23E99 /* Medi_CheckApp.swift */; };
		F3694B342AD5713E00D23E99 /* SplashView.swift in Sources */ = {isa = PBXBuildFile; fileRef = F3694B332AD5713E00D23E99 /* SplashView.swift */; };
		F3694B362AD5713F00D23E99 /* Assets.xcassets in Resources */ = {isa = PBXBuildFile; fileRef = F3694B352AD5713F00D23E99 /* Assets.xcassets */; };
		F3694B392AD5713F00D23E99 /* Preview Assets.xcassets in Resources */ = {isa = PBXBuildFile; fileRef = F3694B382AD5713F00D23E99 /* Preview Assets.xcassets */; };
		F3694B432AD5713F00D23E99 /* Medi_CheckTests.swift in Sources */ = {isa = PBXBuildFile; fileRef = F3694B422AD5713F00D23E99 /* Medi_CheckTests.swift */; };
		F3694B4D2AD5713F00D23E99 /* Medi_CheckUITests.swift in Sources */ = {isa = PBXBuildFile; fileRef = F3694B4C2AD5713F00D23E99 /* Medi_CheckUITests.swift */; };
		F3694B4F2AD5713F00D23E99 /* Medi_CheckUITestsLaunchTests.swift in Sources */ = {isa = PBXBuildFile; fileRef = F3694B4E2AD5713F00D23E99 /* Medi_CheckUITestsLaunchTests.swift */; };
		F3926AA02AF12D7200106387 /* SecondBackgroundView.swift in Sources */ = {isa = PBXBuildFile; fileRef = F3926A9F2AF12D7200106387 /* SecondBackgroundView.swift */; };
		F3926AA82AF132E400106387 /* BasicButtonLabel.swift in Sources */ = {isa = PBXBuildFile; fileRef = F3926AA72AF132E400106387 /* BasicButtonLabel.swift */; };
		F3C192CE2AF2B82B003A40AF /* InputFamilyCodeView.swift in Sources */ = {isa = PBXBuildFile; fileRef = F3C192CD2AF2B82B003A40AF /* InputFamilyCodeView.swift */; };
		F3C192D22AF2C0EB003A40AF /* InputEmailView.swift in Sources */ = {isa = PBXBuildFile; fileRef = F3C192D12AF2C0EB003A40AF /* InputEmailView.swift */; };
		F3DAD4B22AF2C4FE00D85F99 /* Extension+UIDevice.swift in Sources */ = {isa = PBXBuildFile; fileRef = F3DAD4B12AF2C4FE00D85F99 /* Extension+UIDevice.swift */; };
		F3DAD4B42AF2C90500D85F99 /* Extension+CGFloat.swift in Sources */ = {isa = PBXBuildFile; fileRef = F3DAD4B32AF2C90500D85F99 /* Extension+CGFloat.swift */; };
/* End PBXBuildFile section */

/* Begin PBXContainerItemProxy section */
		F3694B3F2AD5713F00D23E99 /* PBXContainerItemProxy */ = {
			isa = PBXContainerItemProxy;
			containerPortal = F3694B262AD5713E00D23E99 /* Project object */;
			proxyType = 1;
			remoteGlobalIDString = F3694B2D2AD5713E00D23E99;
			remoteInfo = "Medi-Check";
		};
		F3694B492AD5713F00D23E99 /* PBXContainerItemProxy */ = {
			isa = PBXContainerItemProxy;
			containerPortal = F3694B262AD5713E00D23E99 /* Project object */;
			proxyType = 1;
			remoteGlobalIDString = F3694B2D2AD5713E00D23E99;
			remoteInfo = "Medi-Check";
		};
/* End PBXContainerItemProxy section */

/* Begin PBXFileReference section */
		F30A422B2AECEF7000AD59F9 /* DefaultRepository.swift */ = {isa = PBXFileReference; lastKnownFileType = sourcecode.swift; path = DefaultRepository.swift; sourceTree = "<group>"; };
		F30A42302AECF46B00AD59F9 /* TestEntity.swift */ = {isa = PBXFileReference; lastKnownFileType = sourcecode.swift; path = TestEntity.swift; sourceTree = "<group>"; };
		F30A42322AECF53A00AD59F9 /* RepositoryTask.swift */ = {isa = PBXFileReference; lastKnownFileType = sourcecode.swift; path = RepositoryTask.swift; sourceTree = "<group>"; };
		F30A42352AECF61900AD59F9 /* APIEndpoints.swift */ = {isa = PBXFileReference; lastKnownFileType = sourcecode.swift; path = APIEndpoints.swift; sourceTree = "<group>"; };
		F30A423A2AECF66200AD59F9 /* TestViewModel.swift */ = {isa = PBXFileReference; lastKnownFileType = sourcecode.swift; path = TestViewModel.swift; sourceTree = "<group>"; };
		F30A423F2AECF7E300AD59F9 /* TestProtocol.swift */ = {isa = PBXFileReference; lastKnownFileType = sourcecode.swift; path = TestProtocol.swift; sourceTree = "<group>"; };
		F30A42422AECF8B700AD59F9 /* StrokeText.swift */ = {isa = PBXFileReference; lastKnownFileType = sourcecode.swift; path = StrokeText.swift; sourceTree = "<group>"; };
		F30A42452AECF92700AD59F9 /* TestUseCase.swift */ = {isa = PBXFileReference; lastKnownFileType = sourcecode.swift; path = TestUseCase.swift; sourceTree = "<group>"; };
		F30A42492AECF96E00AD59F9 /* TestRepository.swift */ = {isa = PBXFileReference; lastKnownFileType = sourcecode.swift; path = TestRepository.swift; sourceTree = "<group>"; };
		F30A424D2AECFB3F00AD59F9 /* TestResponseRepository.swift */ = {isa = PBXFileReference; lastKnownFileType = sourcecode.swift; path = TestResponseRepository.swift; sourceTree = "<group>"; };
		F314B64B2AED05E700AEB652 /* Extension+Color.swift */ = {isa = PBXFileReference; lastKnownFileType = sourcecode.swift; path = "Extension+Color.swift"; sourceTree = "<group>"; };
		F342A36E2AED1FCF00DBA689 /* OnBoardingView.swift */ = {isa = PBXFileReference; lastKnownFileType = sourcecode.swift; path = OnBoardingView.swift; sourceTree = "<group>"; };
		F342A3702AED21E400DBA689 /* FirstBackgroundView.swift */ = {isa = PBXFileReference; lastKnownFileType = sourcecode.swift; path = FirstBackgroundView.swift; sourceTree = "<group>"; };
		F3694B2E2AD5713E00D23E99 /* Medi-Check.app */ = {isa = PBXFileReference; explicitFileType = wrapper.application; includeInIndex = 0; path = "Medi-Check.app"; sourceTree = BUILT_PRODUCTS_DIR; };
		F3694B312AD5713E00D23E99 /* Medi_CheckApp.swift */ = {isa = PBXFileReference; lastKnownFileType = sourcecode.swift; path = Medi_CheckApp.swift; sourceTree = "<group>"; };
		F3694B332AD5713E00D23E99 /* SplashView.swift */ = {isa = PBXFileReference; lastKnownFileType = sourcecode.swift; path = SplashView.swift; sourceTree = "<group>"; };
		F3694B352AD5713F00D23E99 /* Assets.xcassets */ = {isa = PBXFileReference; lastKnownFileType = folder.assetcatalog; path = Assets.xcassets; sourceTree = "<group>"; };
		F3694B382AD5713F00D23E99 /* Preview Assets.xcassets */ = {isa = PBXFileReference; lastKnownFileType = folder.assetcatalog; path = "Preview Assets.xcassets"; sourceTree = "<group>"; };
		F3694B3E2AD5713F00D23E99 /* Medi-CheckTests.xctest */ = {isa = PBXFileReference; explicitFileType = wrapper.cfbundle; includeInIndex = 0; path = "Medi-CheckTests.xctest"; sourceTree = BUILT_PRODUCTS_DIR; };
		F3694B422AD5713F00D23E99 /* Medi_CheckTests.swift */ = {isa = PBXFileReference; lastKnownFileType = sourcecode.swift; path = Medi_CheckTests.swift; sourceTree = "<group>"; };
		F3694B482AD5713F00D23E99 /* Medi-CheckUITests.xctest */ = {isa = PBXFileReference; explicitFileType = wrapper.cfbundle; includeInIndex = 0; path = "Medi-CheckUITests.xctest"; sourceTree = BUILT_PRODUCTS_DIR; };
		F3694B4C2AD5713F00D23E99 /* Medi_CheckUITests.swift */ = {isa = PBXFileReference; lastKnownFileType = sourcecode.swift; path = Medi_CheckUITests.swift; sourceTree = "<group>"; };
		F3694B4E2AD5713F00D23E99 /* Medi_CheckUITestsLaunchTests.swift */ = {isa = PBXFileReference; lastKnownFileType = sourcecode.swift; path = Medi_CheckUITestsLaunchTests.swift; sourceTree = "<group>"; };
		F3926A9F2AF12D7200106387 /* SecondBackgroundView.swift */ = {isa = PBXFileReference; lastKnownFileType = sourcecode.swift; path = SecondBackgroundView.swift; sourceTree = "<group>"; };
		F3926AA72AF132E400106387 /* BasicButtonLabel.swift */ = {isa = PBXFileReference; lastKnownFileType = sourcecode.swift; path = BasicButtonLabel.swift; sourceTree = "<group>"; };
		F3C192CD2AF2B82B003A40AF /* InputFamilyCodeView.swift */ = {isa = PBXFileReference; lastKnownFileType = sourcecode.swift; path = InputFamilyCodeView.swift; sourceTree = "<group>"; };
		F3C192D12AF2C0EB003A40AF /* InputEmailView.swift */ = {isa = PBXFileReference; lastKnownFileType = sourcecode.swift; path = InputEmailView.swift; sourceTree = "<group>"; };
		F3DAD4B12AF2C4FE00D85F99 /* Extension+UIDevice.swift */ = {isa = PBXFileReference; lastKnownFileType = sourcecode.swift; path = "Extension+UIDevice.swift"; sourceTree = "<group>"; };
		F3DAD4B32AF2C90500D85F99 /* Extension+CGFloat.swift */ = {isa = PBXFileReference; lastKnownFileType = sourcecode.swift; path = "Extension+CGFloat.swift"; sourceTree = "<group>"; };
/* End PBXFileReference section */

/* Begin PBXFrameworksBuildPhase section */
		F3694B2B2AD5713E00D23E99 /* Frameworks */ = {
			isa = PBXFrameworksBuildPhase;
			buildActionMask = 2147483647;
			files = (
			);
			runOnlyForDeploymentPostprocessing = 0;
		};
		F3694B3B2AD5713F00D23E99 /* Frameworks */ = {
			isa = PBXFrameworksBuildPhase;
			buildActionMask = 2147483647;
			files = (
			);
			runOnlyForDeploymentPostprocessing = 0;
		};
		F3694B452AD5713F00D23E99 /* Frameworks */ = {
			isa = PBXFrameworksBuildPhase;
			buildActionMask = 2147483647;
			files = (
			);
			runOnlyForDeploymentPostprocessing = 0;
		};
/* End PBXFrameworksBuildPhase section */

/* Begin PBXGroup section */
		F30A42222AECEDFA00AD59F9 /* App */ = {
			isa = PBXGroup;
			children = (
				F3694B312AD5713E00D23E99 /* Medi_CheckApp.swift */,
			);
			path = App;
			sourceTree = "<group>";
		};
		F30A42232AECEE1B00AD59F9 /* Presentation */ = {
			isa = PBXGroup;
			children = (
				F3C192CF2AF2C0DF003A40AF /* InputEmailView */,
				F3C192CB2AF2B818003A40AF /* InputFamilyCodeView */,
				F3926A9C2AF12B3F00106387 /* BackgroundView */,
				F342A3682AED1EE800DBA689 /* SplashView */,
				F30A423C2AECF7AE00AD59F9 /* Utils */,
				F30A42372AECF62F00AD59F9 /* OnBoarding */,
			);
			path = Presentation;
			sourceTree = "<group>";
		};
		F30A42242AECEE2400AD59F9 /* Domain */ = {
			isa = PBXGroup;
			children = (
				F30A42472AECF93A00AD59F9 /* Interfaces */,
				F30A42442AECF90200AD59F9 /* UseCases */,
				F30A422F2AECF44E00AD59F9 /* Entities */,
			);
			path = Domain;
			sourceTree = "<group>";
		};
		F30A42252AECEE2800AD59F9 /* Data */ = {
			isa = PBXGroup;
			children = (
				F30A424B2AECFA5400AD59F9 /* PersistentStorage */,
				F30A42342AECF5DF00AD59F9 /* Network */,
				F30A42292AECEF0800AD59F9 /* Repositories */,
			);
			path = Data;
			sourceTree = "<group>";
		};
		F30A42282AECEE4300AD59F9 /* Resources */ = {
			isa = PBXGroup;
			children = (
				F3694B352AD5713F00D23E99 /* Assets.xcassets */,
			);
			path = Resources;
			sourceTree = "<group>";
		};
		F30A42292AECEF0800AD59F9 /* Repositories */ = {
			isa = PBXGroup;
			children = (
				F30A422A2AECEF1B00AD59F9 /* Utils */,
				F30A422B2AECEF7000AD59F9 /* DefaultRepository.swift */,
			);
			path = Repositories;
			sourceTree = "<group>";
		};
		F30A422A2AECEF1B00AD59F9 /* Utils */ = {
			isa = PBXGroup;
			children = (
				F30A42322AECF53A00AD59F9 /* RepositoryTask.swift */,
			);
			path = Utils;
			sourceTree = "<group>";
		};
		F30A422F2AECF44E00AD59F9 /* Entities */ = {
			isa = PBXGroup;
			children = (
				F30A42302AECF46B00AD59F9 /* TestEntity.swift */,
			);
			path = Entities;
			sourceTree = "<group>";
		};
		F30A42342AECF5DF00AD59F9 /* Network */ = {
			isa = PBXGroup;
			children = (
				F30A42352AECF61900AD59F9 /* APIEndpoints.swift */,
			);
			path = Network;
			sourceTree = "<group>";
		};
		F30A42372AECF62F00AD59F9 /* OnBoarding */ = {
			isa = PBXGroup;
			children = (
				F30A42392AECF65300AD59F9 /* View */,
				F30A42382AECF64A00AD59F9 /* ViewModel */,
			);
			path = OnBoarding;
			sourceTree = "<group>";
		};
		F30A42382AECF64A00AD59F9 /* ViewModel */ = {
			isa = PBXGroup;
			children = (
				F30A423A2AECF66200AD59F9 /* TestViewModel.swift */,
			);
			path = ViewModel;
			sourceTree = "<group>";
		};
		F30A42392AECF65300AD59F9 /* View */ = {
			isa = PBXGroup;
			children = (
				F342A36E2AED1FCF00DBA689 /* OnBoardingView.swift */,
			);
			path = View;
			sourceTree = "<group>";
		};
		F30A423C2AECF7AE00AD59F9 /* Utils */ = {
			isa = PBXGroup;
			children = (
				F30A42422AECF8B700AD59F9 /* StrokeText.swift */,
				F30A423E2AECF7CB00AD59F9 /* Protocols */,
				F30A423D2AECF7C400AD59F9 /* Extensions */,
				F3926AA72AF132E400106387 /* BasicButtonLabel.swift */,
			);
			path = Utils;
			sourceTree = "<group>";
		};
		F30A423D2AECF7C400AD59F9 /* Extensions */ = {
			isa = PBXGroup;
			children = (
				F314B64B2AED05E700AEB652 /* Extension+Color.swift */,
				F3DAD4B12AF2C4FE00D85F99 /* Extension+UIDevice.swift */,
				F3DAD4B32AF2C90500D85F99 /* Extension+CGFloat.swift */,
			);
			path = Extensions;
			sourceTree = "<group>";
		};
		F30A423E2AECF7CB00AD59F9 /* Protocols */ = {
			isa = PBXGroup;
			children = (
				F30A423F2AECF7E300AD59F9 /* TestProtocol.swift */,
			);
			path = Protocols;
			sourceTree = "<group>";
		};
		F30A42442AECF90200AD59F9 /* UseCases */ = {
			isa = PBXGroup;
			children = (
				F30A42452AECF92700AD59F9 /* TestUseCase.swift */,
			);
			path = UseCases;
			sourceTree = "<group>";
		};
		F30A42472AECF93A00AD59F9 /* Interfaces */ = {
			isa = PBXGroup;
			children = (
				F30A42482AECF94A00AD59F9 /* Repositories */,
			);
			path = Interfaces;
			sourceTree = "<group>";
		};
		F30A42482AECF94A00AD59F9 /* Repositories */ = {
			isa = PBXGroup;
			children = (
				F30A42492AECF96E00AD59F9 /* TestRepository.swift */,
			);
			path = Repositories;
			sourceTree = "<group>";
		};
		F30A424B2AECFA5400AD59F9 /* PersistentStorage */ = {
			isa = PBXGroup;
			children = (
				F30A424C2AECFA6F00AD59F9 /* ResponseStorage */,
			);
			path = PersistentStorage;
			sourceTree = "<group>";
		};
		F30A424C2AECFA6F00AD59F9 /* ResponseStorage */ = {
			isa = PBXGroup;
			children = (
				F30A424D2AECFB3F00AD59F9 /* TestResponseRepository.swift */,
			);
			path = ResponseStorage;
			sourceTree = "<group>";
		};
		F342A3682AED1EE800DBA689 /* SplashView */ = {
			isa = PBXGroup;
			children = (
				F342A3692AED1EF300DBA689 /* View */,
			);
			path = SplashView;
			sourceTree = "<group>";
		};
		F342A3692AED1EF300DBA689 /* View */ = {
			isa = PBXGroup;
			children = (
				F3694B332AD5713E00D23E99 /* SplashView.swift */,
			);
			path = View;
			sourceTree = "<group>";
		};
		F3694B252AD5713E00D23E99 = {
			isa = PBXGroup;
			children = (
				F3694B302AD5713E00D23E99 /* Medi-Check */,
				F3694B412AD5713F00D23E99 /* Medi-CheckTests */,
				F3694B4B2AD5713F00D23E99 /* Medi-CheckUITests */,
				F3694B2F2AD5713E00D23E99 /* Products */,
			);
			sourceTree = "<group>";
		};
		F3694B2F2AD5713E00D23E99 /* Products */ = {
			isa = PBXGroup;
			children = (
				F3694B2E2AD5713E00D23E99 /* Medi-Check.app */,
				F3694B3E2AD5713F00D23E99 /* Medi-CheckTests.xctest */,
				F3694B482AD5713F00D23E99 /* Medi-CheckUITests.xctest */,
			);
			name = Products;
			sourceTree = "<group>";
		};
		F3694B302AD5713E00D23E99 /* Medi-Check */ = {
			isa = PBXGroup;
			children = (
				F30A42282AECEE4300AD59F9 /* Resources */,
				F30A42252AECEE2800AD59F9 /* Data */,
				F30A42242AECEE2400AD59F9 /* Domain */,
				F30A42232AECEE1B00AD59F9 /* Presentation */,
				F30A42222AECEDFA00AD59F9 /* App */,
				F3694B372AD5713F00D23E99 /* Preview Content */,
			);
			path = "Medi-Check";
			sourceTree = "<group>";
		};
		F3694B372AD5713F00D23E99 /* Preview Content */ = {
			isa = PBXGroup;
			children = (
				F3694B382AD5713F00D23E99 /* Preview Assets.xcassets */,
			);
			path = "Preview Content";
			sourceTree = "<group>";
		};
		F3694B412AD5713F00D23E99 /* Medi-CheckTests */ = {
			isa = PBXGroup;
			children = (
				F3694B422AD5713F00D23E99 /* Medi_CheckTests.swift */,
			);
			path = "Medi-CheckTests";
			sourceTree = "<group>";
		};
		F3694B4B2AD5713F00D23E99 /* Medi-CheckUITests */ = {
			isa = PBXGroup;
			children = (
				F3694B4C2AD5713F00D23E99 /* Medi_CheckUITests.swift */,
				F3694B4E2AD5713F00D23E99 /* Medi_CheckUITestsLaunchTests.swift */,
			);
			path = "Medi-CheckUITests";
			sourceTree = "<group>";
		};
		F3926A9C2AF12B3F00106387 /* BackgroundView */ = {
			isa = PBXGroup;
			children = (
				F3926A9D2AF12B4D00106387 /* View */,
			);
			path = BackgroundView;
			sourceTree = "<group>";
		};
		F3926A9D2AF12B4D00106387 /* View */ = {
			isa = PBXGroup;
			children = (
				F342A3702AED21E400DBA689 /* FirstBackgroundView.swift */,
				F3926A9F2AF12D7200106387 /* SecondBackgroundView.swift */,
			);
			path = View;
			sourceTree = "<group>";
		};
		F3C192CB2AF2B818003A40AF /* InputFamilyCodeView */ = {
			isa = PBXGroup;
			children = (
				F3C192CC2AF2B81F003A40AF /* View */,
			);
			path = InputFamilyCodeView;
			sourceTree = "<group>";
		};
		F3C192CC2AF2B81F003A40AF /* View */ = {
			isa = PBXGroup;
			children = (
				F3C192CD2AF2B82B003A40AF /* InputFamilyCodeView.swift */,
			);
			path = View;
			sourceTree = "<group>";
		};
		F3C192CF2AF2C0DF003A40AF /* InputEmailView */ = {
			isa = PBXGroup;
			children = (
				F3C192D02AF2C0E5003A40AF /* View */,
			);
			path = InputEmailView;
			sourceTree = "<group>";
		};
		F3C192D02AF2C0E5003A40AF /* View */ = {
			isa = PBXGroup;
			children = (
				F3C192D12AF2C0EB003A40AF /* InputEmailView.swift */,
			);
			path = View;
			sourceTree = "<group>";
		};
/* End PBXGroup section */

/* Begin PBXNativeTarget section */
		F3694B2D2AD5713E00D23E99 /* Medi-Check */ = {
			isa = PBXNativeTarget;
			buildConfigurationList = F3694B522AD5713F00D23E99 /* Build configuration list for PBXNativeTarget "Medi-Check" */;
			buildPhases = (
				F3694B2A2AD5713E00D23E99 /* Sources */,
				F3694B2B2AD5713E00D23E99 /* Frameworks */,
				F3694B2C2AD5713E00D23E99 /* Resources */,
			);
			buildRules = (
			);
			dependencies = (
			);
			name = "Medi-Check";
			productName = "Medi-Check";
			productReference = F3694B2E2AD5713E00D23E99 /* Medi-Check.app */;
			productType = "com.apple.product-type.application";
		};
		F3694B3D2AD5713F00D23E99 /* Medi-CheckTests */ = {
			isa = PBXNativeTarget;
			buildConfigurationList = F3694B552AD5713F00D23E99 /* Build configuration list for PBXNativeTarget "Medi-CheckTests" */;
			buildPhases = (
				F3694B3A2AD5713F00D23E99 /* Sources */,
				F3694B3B2AD5713F00D23E99 /* Frameworks */,
				F3694B3C2AD5713F00D23E99 /* Resources */,
			);
			buildRules = (
			);
			dependencies = (
				F3694B402AD5713F00D23E99 /* PBXTargetDependency */,
			);
			name = "Medi-CheckTests";
			productName = "Medi-CheckTests";
			productReference = F3694B3E2AD5713F00D23E99 /* Medi-CheckTests.xctest */;
			productType = "com.apple.product-type.bundle.unit-test";
		};
		F3694B472AD5713F00D23E99 /* Medi-CheckUITests */ = {
			isa = PBXNativeTarget;
			buildConfigurationList = F3694B582AD5713F00D23E99 /* Build configuration list for PBXNativeTarget "Medi-CheckUITests" */;
			buildPhases = (
				F3694B442AD5713F00D23E99 /* Sources */,
				F3694B452AD5713F00D23E99 /* Frameworks */,
				F3694B462AD5713F00D23E99 /* Resources */,
			);
			buildRules = (
			);
			dependencies = (
				F3694B4A2AD5713F00D23E99 /* PBXTargetDependency */,
			);
			name = "Medi-CheckUITests";
			productName = "Medi-CheckUITests";
			productReference = F3694B482AD5713F00D23E99 /* Medi-CheckUITests.xctest */;
			productType = "com.apple.product-type.bundle.ui-testing";
		};
/* End PBXNativeTarget section */

/* Begin PBXProject section */
		F3694B262AD5713E00D23E99 /* Project object */ = {
			isa = PBXProject;
			attributes = {
				BuildIndependentTargetsInParallel = 1;
				LastSwiftUpdateCheck = 1500;
				LastUpgradeCheck = 1500;
				TargetAttributes = {
					F3694B2D2AD5713E00D23E99 = {
						CreatedOnToolsVersion = 15.0;
					};
					F3694B3D2AD5713F00D23E99 = {
						CreatedOnToolsVersion = 15.0;
						TestTargetID = F3694B2D2AD5713E00D23E99;
					};
					F3694B472AD5713F00D23E99 = {
						CreatedOnToolsVersion = 15.0;
						TestTargetID = F3694B2D2AD5713E00D23E99;
					};
				};
			};
			buildConfigurationList = F3694B292AD5713E00D23E99 /* Build configuration list for PBXProject "Medi-Check" */;
			compatibilityVersion = "Xcode 14.0";
			developmentRegion = en;
			hasScannedForEncodings = 0;
			knownRegions = (
				en,
				Base,
			);
			mainGroup = F3694B252AD5713E00D23E99;
			productRefGroup = F3694B2F2AD5713E00D23E99 /* Products */;
			projectDirPath = "";
			projectRoot = "";
			targets = (
				F3694B2D2AD5713E00D23E99 /* Medi-Check */,
				F3694B3D2AD5713F00D23E99 /* Medi-CheckTests */,
				F3694B472AD5713F00D23E99 /* Medi-CheckUITests */,
			);
		};
/* End PBXProject section */

/* Begin PBXResourcesBuildPhase section */
		F3694B2C2AD5713E00D23E99 /* Resources */ = {
			isa = PBXResourcesBuildPhase;
			buildActionMask = 2147483647;
			files = (
				F3694B392AD5713F00D23E99 /* Preview Assets.xcassets in Resources */,
				F3694B362AD5713F00D23E99 /* Assets.xcassets in Resources */,
			);
			runOnlyForDeploymentPostprocessing = 0;
		};
		F3694B3C2AD5713F00D23E99 /* Resources */ = {
			isa = PBXResourcesBuildPhase;
			buildActionMask = 2147483647;
			files = (
			);
			runOnlyForDeploymentPostprocessing = 0;
		};
		F3694B462AD5713F00D23E99 /* Resources */ = {
			isa = PBXResourcesBuildPhase;
			buildActionMask = 2147483647;
			files = (
			);
			runOnlyForDeploymentPostprocessing = 0;
		};
/* End PBXResourcesBuildPhase section */

/* Begin PBXSourcesBuildPhase section */
		F3694B2A2AD5713E00D23E99 /* Sources */ = {
			isa = PBXSourcesBuildPhase;
			buildActionMask = 2147483647;
			files = (
				F30A424A2AECF96E00AD59F9 /* TestRepository.swift in Sources */,
				F30A42312AECF46B00AD59F9 /* TestEntity.swift in Sources */,
				F3C192D22AF2C0EB003A40AF /* InputEmailView.swift in Sources */,
				F30A42432AECF8B700AD59F9 /* StrokeText.swift in Sources */,
				F30A42332AECF53A00AD59F9 /* RepositoryTask.swift in Sources */,
				F30A42462AECF92700AD59F9 /* TestUseCase.swift in Sources */,
				F3DAD4B42AF2C90500D85F99 /* Extension+CGFloat.swift in Sources */,
				F30A422C2AECEF7000AD59F9 /* DefaultRepository.swift in Sources */,
				F30A42362AECF61900AD59F9 /* APIEndpoints.swift in Sources */,
				F3694B342AD5713E00D23E99 /* SplashView.swift in Sources */,
				F342A3712AED21E400DBA689 /* FirstBackgroundView.swift in Sources */,
				F30A423B2AECF66200AD59F9 /* TestViewModel.swift in Sources */,
				F342A36F2AED1FCF00DBA689 /* OnBoardingView.swift in Sources */,
				F3694B322AD5713E00D23E99 /* Medi_CheckApp.swift in Sources */,
				F3926AA82AF132E400106387 /* BasicButtonLabel.swift in Sources */,
				F3926AA02AF12D7200106387 /* SecondBackgroundView.swift in Sources */,
				F3C192CE2AF2B82B003A40AF /* InputFamilyCodeView.swift in Sources */,
				F30A42402AECF7E300AD59F9 /* TestProtocol.swift in Sources */,
				F3DAD4B22AF2C4FE00D85F99 /* Extension+UIDevice.swift in Sources */,
				F314B64C2AED05E700AEB652 /* Extension+Color.swift in Sources */,
				F30A424E2AECFB3F00AD59F9 /* TestResponseRepository.swift in Sources */,
			);
			runOnlyForDeploymentPostprocessing = 0;
		};
		F3694B3A2AD5713F00D23E99 /* Sources */ = {
			isa = PBXSourcesBuildPhase;
			buildActionMask = 2147483647;
			files = (
				F3694B432AD5713F00D23E99 /* Medi_CheckTests.swift in Sources */,
			);
			runOnlyForDeploymentPostprocessing = 0;
		};
		F3694B442AD5713F00D23E99 /* Sources */ = {
			isa = PBXSourcesBuildPhase;
			buildActionMask = 2147483647;
			files = (
				F3694B4F2AD5713F00D23E99 /* Medi_CheckUITestsLaunchTests.swift in Sources */,
				F3694B4D2AD5713F00D23E99 /* Medi_CheckUITests.swift in Sources */,
			);
			runOnlyForDeploymentPostprocessing = 0;
		};
/* End PBXSourcesBuildPhase section */

/* Begin PBXTargetDependency section */
		F3694B402AD5713F00D23E99 /* PBXTargetDependency */ = {
			isa = PBXTargetDependency;
			target = F3694B2D2AD5713E00D23E99 /* Medi-Check */;
			targetProxy = F3694B3F2AD5713F00D23E99 /* PBXContainerItemProxy */;
		};
		F3694B4A2AD5713F00D23E99 /* PBXTargetDependency */ = {
			isa = PBXTargetDependency;
			target = F3694B2D2AD5713E00D23E99 /* Medi-Check */;
			targetProxy = F3694B492AD5713F00D23E99 /* PBXContainerItemProxy */;
		};
/* End PBXTargetDependency section */

/* Begin XCBuildConfiguration section */
		F3694B502AD5713F00D23E99 /* Debug */ = {
			isa = XCBuildConfiguration;
			buildSettings = {
				ALWAYS_SEARCH_USER_PATHS = NO;
				ASSETCATALOG_COMPILER_GENERATE_SWIFT_ASSET_SYMBOL_EXTENSIONS = YES;
				CLANG_ANALYZER_NONNULL = YES;
				CLANG_ANALYZER_NUMBER_OBJECT_CONVERSION = YES_AGGRESSIVE;
				CLANG_CXX_LANGUAGE_STANDARD = "gnu++20";
				CLANG_ENABLE_MODULES = YES;
				CLANG_ENABLE_OBJC_ARC = YES;
				CLANG_ENABLE_OBJC_WEAK = YES;
				CLANG_WARN_BLOCK_CAPTURE_AUTORELEASING = YES;
				CLANG_WARN_BOOL_CONVERSION = YES;
				CLANG_WARN_COMMA = YES;
				CLANG_WARN_CONSTANT_CONVERSION = YES;
				CLANG_WARN_DEPRECATED_OBJC_IMPLEMENTATIONS = YES;
				CLANG_WARN_DIRECT_OBJC_ISA_USAGE = YES_ERROR;
				CLANG_WARN_DOCUMENTATION_COMMENTS = YES;
				CLANG_WARN_EMPTY_BODY = YES;
				CLANG_WARN_ENUM_CONVERSION = YES;
				CLANG_WARN_INFINITE_RECURSION = YES;
				CLANG_WARN_INT_CONVERSION = YES;
				CLANG_WARN_NON_LITERAL_NULL_CONVERSION = YES;
				CLANG_WARN_OBJC_IMPLICIT_RETAIN_SELF = YES;
				CLANG_WARN_OBJC_LITERAL_CONVERSION = YES;
				CLANG_WARN_OBJC_ROOT_CLASS = YES_ERROR;
				CLANG_WARN_QUOTED_INCLUDE_IN_FRAMEWORK_HEADER = YES;
				CLANG_WARN_RANGE_LOOP_ANALYSIS = YES;
				CLANG_WARN_STRICT_PROTOTYPES = YES;
				CLANG_WARN_SUSPICIOUS_MOVE = YES;
				CLANG_WARN_UNGUARDED_AVAILABILITY = YES_AGGRESSIVE;
				CLANG_WARN_UNREACHABLE_CODE = YES;
				CLANG_WARN__DUPLICATE_METHOD_MATCH = YES;
				COPY_PHASE_STRIP = NO;
				DEBUG_INFORMATION_FORMAT = dwarf;
				ENABLE_STRICT_OBJC_MSGSEND = YES;
				ENABLE_TESTABILITY = YES;
				ENABLE_USER_SCRIPT_SANDBOXING = YES;
				GCC_C_LANGUAGE_STANDARD = gnu17;
				GCC_DYNAMIC_NO_PIC = NO;
				GCC_NO_COMMON_BLOCKS = YES;
				GCC_OPTIMIZATION_LEVEL = 0;
				GCC_PREPROCESSOR_DEFINITIONS = (
					"DEBUG=1",
					"$(inherited)",
				);
				GCC_WARN_64_TO_32_BIT_CONVERSION = YES;
				GCC_WARN_ABOUT_RETURN_TYPE = YES_ERROR;
				GCC_WARN_UNDECLARED_SELECTOR = YES;
				GCC_WARN_UNINITIALIZED_AUTOS = YES_AGGRESSIVE;
				GCC_WARN_UNUSED_FUNCTION = YES;
				GCC_WARN_UNUSED_VARIABLE = YES;
				IPHONEOS_DEPLOYMENT_TARGET = 17.0;
				LOCALIZATION_PREFERS_STRING_CATALOGS = YES;
				MTL_ENABLE_DEBUG_INFO = INCLUDE_SOURCE;
				MTL_FAST_MATH = YES;
				ONLY_ACTIVE_ARCH = YES;
				SDKROOT = iphoneos;
				SWIFT_ACTIVE_COMPILATION_CONDITIONS = "DEBUG $(inherited)";
				SWIFT_OPTIMIZATION_LEVEL = "-Onone";
			};
			name = Debug;
		};
		F3694B512AD5713F00D23E99 /* Release */ = {
			isa = XCBuildConfiguration;
			buildSettings = {
				ALWAYS_SEARCH_USER_PATHS = NO;
				ASSETCATALOG_COMPILER_GENERATE_SWIFT_ASSET_SYMBOL_EXTENSIONS = YES;
				CLANG_ANALYZER_NONNULL = YES;
				CLANG_ANALYZER_NUMBER_OBJECT_CONVERSION = YES_AGGRESSIVE;
				CLANG_CXX_LANGUAGE_STANDARD = "gnu++20";
				CLANG_ENABLE_MODULES = YES;
				CLANG_ENABLE_OBJC_ARC = YES;
				CLANG_ENABLE_OBJC_WEAK = YES;
				CLANG_WARN_BLOCK_CAPTURE_AUTORELEASING = YES;
				CLANG_WARN_BOOL_CONVERSION = YES;
				CLANG_WARN_COMMA = YES;
				CLANG_WARN_CONSTANT_CONVERSION = YES;
				CLANG_WARN_DEPRECATED_OBJC_IMPLEMENTATIONS = YES;
				CLANG_WARN_DIRECT_OBJC_ISA_USAGE = YES_ERROR;
				CLANG_WARN_DOCUMENTATION_COMMENTS = YES;
				CLANG_WARN_EMPTY_BODY = YES;
				CLANG_WARN_ENUM_CONVERSION = YES;
				CLANG_WARN_INFINITE_RECURSION = YES;
				CLANG_WARN_INT_CONVERSION = YES;
				CLANG_WARN_NON_LITERAL_NULL_CONVERSION = YES;
				CLANG_WARN_OBJC_IMPLICIT_RETAIN_SELF = YES;
				CLANG_WARN_OBJC_LITERAL_CONVERSION = YES;
				CLANG_WARN_OBJC_ROOT_CLASS = YES_ERROR;
				CLANG_WARN_QUOTED_INCLUDE_IN_FRAMEWORK_HEADER = YES;
				CLANG_WARN_RANGE_LOOP_ANALYSIS = YES;
				CLANG_WARN_STRICT_PROTOTYPES = YES;
				CLANG_WARN_SUSPICIOUS_MOVE = YES;
				CLANG_WARN_UNGUARDED_AVAILABILITY = YES_AGGRESSIVE;
				CLANG_WARN_UNREACHABLE_CODE = YES;
				CLANG_WARN__DUPLICATE_METHOD_MATCH = YES;
				COPY_PHASE_STRIP = NO;
				DEBUG_INFORMATION_FORMAT = "dwarf-with-dsym";
				ENABLE_NS_ASSERTIONS = NO;
				ENABLE_STRICT_OBJC_MSGSEND = YES;
				ENABLE_USER_SCRIPT_SANDBOXING = YES;
				GCC_C_LANGUAGE_STANDARD = gnu17;
				GCC_NO_COMMON_BLOCKS = YES;
				GCC_WARN_64_TO_32_BIT_CONVERSION = YES;
				GCC_WARN_ABOUT_RETURN_TYPE = YES_ERROR;
				GCC_WARN_UNDECLARED_SELECTOR = YES;
				GCC_WARN_UNINITIALIZED_AUTOS = YES_AGGRESSIVE;
				GCC_WARN_UNUSED_FUNCTION = YES;
				GCC_WARN_UNUSED_VARIABLE = YES;
				IPHONEOS_DEPLOYMENT_TARGET = 17.0;
				LOCALIZATION_PREFERS_STRING_CATALOGS = YES;
				MTL_ENABLE_DEBUG_INFO = NO;
				MTL_FAST_MATH = YES;
				SDKROOT = iphoneos;
				SWIFT_COMPILATION_MODE = wholemodule;
				VALIDATE_PRODUCT = YES;
			};
			name = Release;
		};
		F3694B532AD5713F00D23E99 /* Debug */ = {
			isa = XCBuildConfiguration;
			buildSettings = {
				ASSETCATALOG_COMPILER_APPICON_NAME = AppIcon;
				ASSETCATALOG_COMPILER_GLOBAL_ACCENT_COLOR_NAME = AccentColor;
				CODE_SIGN_STYLE = Automatic;
				CURRENT_PROJECT_VERSION = 1;
				DEVELOPMENT_ASSET_PATHS = "\"Medi-Check/Preview Content\"";
				DEVELOPMENT_TEAM = G64N5NJ4Q6;
				ENABLE_PREVIEWS = YES;
				GENERATE_INFOPLIST_FILE = YES;
				INFOPLIST_KEY_UIApplicationSceneManifest_Generation = YES;
				INFOPLIST_KEY_UIApplicationSupportsIndirectInputEvents = YES;
				INFOPLIST_KEY_UILaunchScreen_Generation = YES;
				INFOPLIST_KEY_UISupportedInterfaceOrientations_iPad = "UIInterfaceOrientationPortrait UIInterfaceOrientationPortraitUpsideDown UIInterfaceOrientationLandscapeLeft UIInterfaceOrientationLandscapeRight";
				INFOPLIST_KEY_UISupportedInterfaceOrientations_iPhone = "UIInterfaceOrientationPortrait UIInterfaceOrientationLandscapeLeft UIInterfaceOrientationLandscapeRight";
				LD_RUNPATH_SEARCH_PATHS = (
					"$(inherited)",
					"@executable_path/Frameworks",
				);
				MARKETING_VERSION = 1.0;
				PRODUCT_BUNDLE_IDENTIFIER = "com.kyungsoo.Medi-Check";
				PRODUCT_NAME = "$(TARGET_NAME)";
				SWIFT_EMIT_LOC_STRINGS = YES;
				SWIFT_VERSION = 5.0;
				TARGETED_DEVICE_FAMILY = "1,2";
			};
			name = Debug;
		};
		F3694B542AD5713F00D23E99 /* Release */ = {
			isa = XCBuildConfiguration;
			buildSettings = {
				ASSETCATALOG_COMPILER_APPICON_NAME = AppIcon;
				ASSETCATALOG_COMPILER_GLOBAL_ACCENT_COLOR_NAME = AccentColor;
				CODE_SIGN_STYLE = Automatic;
				CURRENT_PROJECT_VERSION = 1;
				DEVELOPMENT_ASSET_PATHS = "\"Medi-Check/Preview Content\"";
				DEVELOPMENT_TEAM = G64N5NJ4Q6;
				ENABLE_PREVIEWS = YES;
				GENERATE_INFOPLIST_FILE = YES;
				INFOPLIST_KEY_UIApplicationSceneManifest_Generation = YES;
				INFOPLIST_KEY_UIApplicationSupportsIndirectInputEvents = YES;
				INFOPLIST_KEY_UILaunchScreen_Generation = YES;
				INFOPLIST_KEY_UISupportedInterfaceOrientations_iPad = "UIInterfaceOrientationPortrait UIInterfaceOrientationPortraitUpsideDown UIInterfaceOrientationLandscapeLeft UIInterfaceOrientationLandscapeRight";
				INFOPLIST_KEY_UISupportedInterfaceOrientations_iPhone = "UIInterfaceOrientationPortrait UIInterfaceOrientationLandscapeLeft UIInterfaceOrientationLandscapeRight";
				LD_RUNPATH_SEARCH_PATHS = (
					"$(inherited)",
					"@executable_path/Frameworks",
				);
				MARKETING_VERSION = 1.0;
				PRODUCT_BUNDLE_IDENTIFIER = "com.kyungsoo.Medi-Check";
				PRODUCT_NAME = "$(TARGET_NAME)";
				SWIFT_EMIT_LOC_STRINGS = YES;
				SWIFT_VERSION = 5.0;
				TARGETED_DEVICE_FAMILY = "1,2";
			};
			name = Release;
		};
		F3694B562AD5713F00D23E99 /* Debug */ = {
			isa = XCBuildConfiguration;
			buildSettings = {
				ALWAYS_EMBED_SWIFT_STANDARD_LIBRARIES = YES;
				BUNDLE_LOADER = "$(TEST_HOST)";
				CODE_SIGN_STYLE = Automatic;
				CURRENT_PROJECT_VERSION = 1;
				GENERATE_INFOPLIST_FILE = YES;
				IPHONEOS_DEPLOYMENT_TARGET = 17.0;
				MARKETING_VERSION = 1.0;
				PRODUCT_BUNDLE_IDENTIFIER = "com.kyungsoo.Medi-CheckTests";
				PRODUCT_NAME = "$(TARGET_NAME)";
				SWIFT_EMIT_LOC_STRINGS = NO;
				SWIFT_VERSION = 5.0;
				TARGETED_DEVICE_FAMILY = "1,2";
				TEST_HOST = "$(BUILT_PRODUCTS_DIR)/Medi-Check.app/$(BUNDLE_EXECUTABLE_FOLDER_PATH)/Medi-Check";
			};
			name = Debug;
		};
		F3694B572AD5713F00D23E99 /* Release */ = {
			isa = XCBuildConfiguration;
			buildSettings = {
				ALWAYS_EMBED_SWIFT_STANDARD_LIBRARIES = YES;
				BUNDLE_LOADER = "$(TEST_HOST)";
				CODE_SIGN_STYLE = Automatic;
				CURRENT_PROJECT_VERSION = 1;
				GENERATE_INFOPLIST_FILE = YES;
				IPHONEOS_DEPLOYMENT_TARGET = 17.0;
				MARKETING_VERSION = 1.0;
				PRODUCT_BUNDLE_IDENTIFIER = "com.kyungsoo.Medi-CheckTests";
				PRODUCT_NAME = "$(TARGET_NAME)";
				SWIFT_EMIT_LOC_STRINGS = NO;
				SWIFT_VERSION = 5.0;
				TARGETED_DEVICE_FAMILY = "1,2";
				TEST_HOST = "$(BUILT_PRODUCTS_DIR)/Medi-Check.app/$(BUNDLE_EXECUTABLE_FOLDER_PATH)/Medi-Check";
			};
			name = Release;
		};
		F3694B592AD5713F00D23E99 /* Debug */ = {
			isa = XCBuildConfiguration;
			buildSettings = {
				ALWAYS_EMBED_SWIFT_STANDARD_LIBRARIES = YES;
				CODE_SIGN_STYLE = Automatic;
				CURRENT_PROJECT_VERSION = 1;
				GENERATE_INFOPLIST_FILE = YES;
				MARKETING_VERSION = 1.0;
				PRODUCT_BUNDLE_IDENTIFIER = "com.kyungsoo.Medi-CheckUITests";
				PRODUCT_NAME = "$(TARGET_NAME)";
				SWIFT_EMIT_LOC_STRINGS = NO;
				SWIFT_VERSION = 5.0;
				TARGETED_DEVICE_FAMILY = "1,2";
				TEST_TARGET_NAME = "Medi-Check";
			};
			name = Debug;
		};
		F3694B5A2AD5713F00D23E99 /* Release */ = {
			isa = XCBuildConfiguration;
			buildSettings = {
				ALWAYS_EMBED_SWIFT_STANDARD_LIBRARIES = YES;
				CODE_SIGN_STYLE = Automatic;
				CURRENT_PROJECT_VERSION = 1;
				GENERATE_INFOPLIST_FILE = YES;
				MARKETING_VERSION = 1.0;
				PRODUCT_BUNDLE_IDENTIFIER = "com.kyungsoo.Medi-CheckUITests";
				PRODUCT_NAME = "$(TARGET_NAME)";
				SWIFT_EMIT_LOC_STRINGS = NO;
				SWIFT_VERSION = 5.0;
				TARGETED_DEVICE_FAMILY = "1,2";
				TEST_TARGET_NAME = "Medi-Check";
			};
			name = Release;
		};
/* End XCBuildConfiguration section */

/* Begin XCConfigurationList section */
		F3694B292AD5713E00D23E99 /* Build configuration list for PBXProject "Medi-Check" */ = {
			isa = XCConfigurationList;
			buildConfigurations = (
				F3694B502AD5713F00D23E99 /* Debug */,
				F3694B512AD5713F00D23E99 /* Release */,
			);
			defaultConfigurationIsVisible = 0;
			defaultConfigurationName = Release;
		};
		F3694B522AD5713F00D23E99 /* Build configuration list for PBXNativeTarget "Medi-Check" */ = {
			isa = XCConfigurationList;
			buildConfigurations = (
				F3694B532AD5713F00D23E99 /* Debug */,
				F3694B542AD5713F00D23E99 /* Release */,
			);
			defaultConfigurationIsVisible = 0;
			defaultConfigurationName = Release;
		};
		F3694B552AD5713F00D23E99 /* Build configuration list for PBXNativeTarget "Medi-CheckTests" */ = {
			isa = XCConfigurationList;
			buildConfigurations = (
				F3694B562AD5713F00D23E99 /* Debug */,
				F3694B572AD5713F00D23E99 /* Release */,
			);
			defaultConfigurationIsVisible = 0;
			defaultConfigurationName = Release;
		};
		F3694B582AD5713F00D23E99 /* Build configuration list for PBXNativeTarget "Medi-CheckUITests" */ = {
			isa = XCConfigurationList;
			buildConfigurations = (
				F3694B592AD5713F00D23E99 /* Debug */,
				F3694B5A2AD5713F00D23E99 /* Release */,
			);
			defaultConfigurationIsVisible = 0;
			defaultConfigurationName = Release;
		};
/* End XCConfigurationList section */
	};
	rootObject = F3694B262AD5713E00D23E99 /* Project object */;
}
